# This file is automatically @generated by Poetry 2.1.1 and should not be changed by hand.

[[package]]
name = "hyperloglog"
version = "0.0.14"
description = "HyperLogLog cardinality counter"
optional = false
python-versions = "*"
groups = ["main"]
files = [
    {file = "hyperloglog-0.0.14.tar.gz", hash = "sha256:2927b5a9de7581f98c1e97a7c1de5ec1075329bcf65e519abe56299cd3f84925"},
]

[metadata]
lock-version = "2.1"
python-versions = ">=3.12"
content-hash = "002dc0b5b662b75d20355f95ac119523a63c080c1eaa8387cc4f6baf86d89c72"
